
Microsoft Visual Studio Solution File, Format Version 12.00
Project("{FAE04EC0-301F-11D3-BF4B-00C04F79EFBC}") = "Vostok.SnoopDog.Core", "Vostok.SnoopDog.Core\Vostok.SnoopDog.Core.csproj", "{045A7625-7C3C-45A0-9802-7EB544F027E6}"
EndProject
Project("{FAE04EC0-301F-11D3-BF4B-00C04F79EFBC}") = "Vostok.SnoopDog", "Vostok.SnoopDog\Vostok.SnoopDog.csproj", "{FE67E409-FB1D-4EEF-8993-DE33D79AAC36}"
EndProject
Global
	GlobalSection(SolutionConfigurationPlatforms) = preSolution
		Debug|Any CPU = Debug|Any CPU
		Release|Any CPU = Release|Any CPU
	EndGlobalSection
	GlobalSection(ProjectConfigurationPlatforms) = postSolution
		{FE67E409-FB1D-4EEF-8993-DE33D79AAC36}.Debug|Any CPU.ActiveCfg = Debug|Any CPU
		{FE67E409-FB1D-4EEF-8993-DE33D79AAC36}.Debug|Any CPU.Build.0 = Debug|Any CPU
		{FE67E409-FB1D-4EEF-8993-DE33D79AAC36}.Release|Any CPU.ActiveCfg = Release|Any CPU
		{FE67E409-FB1D-4EEF-8993-DE33D79AAC36}.Release|Any CPU.Build.0 = Release|Any CPU
		{045A7625-7C3C-45A0-9802-7EB544F027E6}.Debug|Any CPU.ActiveCfg = Debug|Any CPU
		{045A7625-7C3C-45A0-9802-7EB544F027E6}.Debug|Any CPU.Build.0 = Debug|Any CPU
		{045A7625-7C3C-45A0-9802-7EB544F027E6}.Release|Any CPU.ActiveCfg = Release|Any CPU
		{045A7625-7C3C-45A0-9802-7EB544F027E6}.Release|Any CPU.Build.0 = Release|Any CPU
	EndGlobalSection
EndGlobal
